
Microsoft Visual Studio Solution File, Format Version 12.00
# Visual Studio Version 16
VisualStudioVersion = 16.0.29409.12
MinimumVisualStudioVersion = 10.0.40219.1
Project("{FAE04EC0-301F-11D3-BF4B-00C04F79EFBC}") = "SportsStore", "SportsStore\SportsStore.csproj", "{810E5D04-6086-43E7-BCBD-0F6F5D46F929}"
EndProject
Global
	GlobalSection(SolutionConfigurationPlatforms) = preSolution
		Debug|Any CPU = Debug|Any CPU
		Release|Any CPU = Release|Any CPU
	EndGlobalSection
	GlobalSection(ProjectConfigurationPlatforms) = postSolution
		{810E5D04-6086-43E7-BCBD-0F6F5D46F929}.Debug|Any CPU.ActiveCfg = Debug|Any CPU
		{810E5D04-6086-43E7-BCBD-0F6F5D46F929}.Debug|Any CPU.Build.0 = Debug|Any CPU
		{810E5D04-6086-43E7-BCBD-0F6F5D46F929}.Release|Any CPU.ActiveCfg = Release|Any CPU
		{810E5D04-6086-43E7-BCBD-0F6F5D46F929}.Release|Any CPU.Build.0 = Release|Any CPU
	EndGlobalSection
	GlobalSection(SolutionProperties) = preSolution
		HideSolutionNode = FALSE
	EndGlobalSection
	GlobalSection(ExtensibilityGlobals) = postSolution
		SolutionGuid = {14FE8DD6-6991-4FD0-A214-2B13FF5AF1DF}
	EndGlobalSection
EndGlobal
